
Microsoft Visual Studio Solution File, Format Version 12.00
# Visual Studio Version 17
VisualStudioVersion = 17.9.34701.34
MinimumVisualStudioVersion = 10.0.40219.1
Project("{FAE04EC0-301F-11D3-BF4B-00C04F79EFBC}") = "xadrez-console", "xadrez-console\xadrez-console.csproj", "{762D9DA0-8D83-43B7-8B49-E40D967F05F4}"
EndProject
Global
	GlobalSection(SolutionConfigurationPlatforms) = preSolution
		Debug|Any CPU = Debug|Any CPU
		Release|Any CPU = Release|Any CPU
	EndGlobalSection
	GlobalSection(ProjectConfigurationPlatforms) = postSolution
		{762D9DA0-8D83-43B7-8B49-E40D967F05F4}.Debug|Any CPU.ActiveCfg = Debug|Any CPU
		{762D9DA0-8D83-43B7-8B49-E40D967F05F4}.Debug|Any CPU.Build.0 = Debug|Any CPU
		{762D9DA0-8D83-43B7-8B49-E40D967F05F4}.Release|Any CPU.ActiveCfg = Release|Any CPU
		{762D9DA0-8D83-43B7-8B49-E40D967F05F4}.Release|Any CPU.Build.0 = Release|Any CPU
	EndGlobalSection
	GlobalSection(SolutionProperties) = preSolution
		HideSolutionNode = FALSE
	EndGlobalSection
	GlobalSection(ExtensibilityGlobals) = postSolution
		SolutionGuid = {1C609536-B292-4B5E-AD21-F067CC61A293}
	EndGlobalSection
EndGlobal
